
Microsoft Visual Studio Solution File, Format Version 12.00
# Visual Studio Version 17
VisualStudioVersion = 17.14.36518.9 d17.14
MinimumVisualStudioVersion = 10.0.40219.1
Project("{FAE04EC0-301F-11D3-BF4B-00C04F79EFBC}") = "Finote_Web", "Finote_Web.csproj", "{0A7BBDB2-E758-49DE-8649-0F90955A3B6C}"
EndProject
Global
	GlobalSection(SolutionConfigurationPlatforms) = preSolution
		Debug|Any CPU = Debug|Any CPU
		Release|Any CPU = Release|Any CPU
	EndGlobalSection
	GlobalSection(ProjectConfigurationPlatforms) = postSolution
		{0A7BBDB2-E758-49DE-8649-0F90955A3B6C}.Debug|Any CPU.ActiveCfg = Debug|Any CPU
		{0A7BBDB2-E758-49DE-8649-0F90955A3B6C}.Debug|Any CPU.Build.0 = Debug|Any CPU
		{0A7BBDB2-E758-49DE-8649-0F90955A3B6C}.Release|Any CPU.ActiveCfg = Release|Any CPU
		{0A7BBDB2-E758-49DE-8649-0F90955A3B6C}.Release|Any CPU.Build.0 = Release|Any CPU
	EndGlobalSection
	GlobalSection(SolutionProperties) = preSolution
		HideSolutionNode = FALSE
	EndGlobalSection
	GlobalSection(ExtensibilityGlobals) = postSolution
		SolutionGuid = {F9BA8D07-A3ED-4F0F-8BD7-9CE2244A433A}
	EndGlobalSection
EndGlobal
